
Microsoft Visual Studio Solution File, Format Version 12.00
# Visual Studio Version 17
VisualStudioVersion = 17.11.35222.181
MinimumVisualStudioVersion = 10.0.40219.1
Project("{2150E333-8FDC-42A3-9474-1A3956D46DE8}") = "src", "src", "{54753ED0-29C4-4FEE-856F-E65411A823B1}"
EndProject
Project("{2150E333-8FDC-42A3-9474-1A3956D46DE8}") = "Core", "Core", "{2450C49B-0D43-43EA-A32D-96FA3A4C0519}"
EndProject
Project("{2150E333-8FDC-42A3-9474-1A3956D46DE8}") = "Services", "Services", "{4820069B-0F94-421A-96A6-5846FEFFBD84}"
EndProject
Project("{9A19103F-16F7-4668-BE54-9A1E7A4F7556}") = "Core.Domain", "src\Core\Core.Domain\Core.Domain.csproj", "{0FD59695-2DAD-49F3-B593-AD3536A7A71D}"
EndProject
Project("{9A19103F-16F7-4668-BE54-9A1E7A4F7556}") = "Core.Application", "src\Core\Core.Application\Core.Application.csproj", "{592D0BC9-F762-4DB9-903F-04D5E147FEB9}"
EndProject
Project("{9A19103F-16F7-4668-BE54-9A1E7A4F7556}") = "Core.Infrastructure", "src\Core\Core.Infrastructure\Core.Infrastructure.csproj", "{3177693B-EF0A-4536-A83F-D421E3E48EBA}"
EndProject
Project("{2150E333-8FDC-42A3-9474-1A3956D46DE8}") = "Identities", "Identities", "{BD31CCBB-CF9B-4580-AB04-BDFE3419D2B7}"
EndProject
Project("{9A19103F-16F7-4668-BE54-9A1E7A4F7556}") = "ESCS.Domain", "src\Services\Identities\ESCS.Domain\ESCS.Domain.csproj", "{6C5D6FCD-F52F-4DB5-8677-E39805458062}"
EndProject
Project("{9A19103F-16F7-4668-BE54-9A1E7A4F7556}") = "ESCS.Application", "src\Services\Identities\ESCS.Application\ESCS.Application.csproj", "{3C4810B6-95ED-4C6F-8578-BFE12EFE99F6}"
EndProject
Project("{9A19103F-16F7-4668-BE54-9A1E7A4F7556}") = "ESCS.Infrastructure", "src\Services\Identities\ESCS.Infrastructure\ESCS.Infrastructure.csproj", "{38432A86-2D96-44F0-A8C2-596194A2E0A6}"
EndProject
Project("{9A19103F-16F7-4668-BE54-9A1E7A4F7556}") = "ESCS.API", "src\Services\Identities\ESCS.API\ESCS.API.csproj", "{79905681-C753-4406-9D93-355A50DF8A45}"
EndProject
Project("{2150E333-8FDC-42A3-9474-1A3956D46DE8}") = "Emails", "Emails", "{7596AAC2-4EB9-4FD5-82CD-37DEA8D4354D}"
EndProject
Project("{2150E333-8FDC-42A3-9474-1A3956D46DE8}") = "MessageBrokers", "MessageBrokers", "{71F0F642-1464-48AD-8EDF-A29B983D430D}"
EndProject
Project("{9A19103F-16F7-4668-BE54-9A1E7A4F7556}") = "Emails.Domain", "src\Services\Emails\Emails.Domain\Emails.Domain.csproj", "{406F0B86-FEED-4FD8-A5CD-FC6FB9EB1008}"
EndProject
Project("{9A19103F-16F7-4668-BE54-9A1E7A4F7556}") = "Emails.Application", "src\Services\Emails\Emails.Application\Emails.Application.csproj", "{D4B7691D-6C9F-48BE-8C8D-91E43D07D494}"
EndProject
Project("{9A19103F-16F7-4668-BE54-9A1E7A4F7556}") = "Emails.Infrastructure", "src\Services\Emails\Emails.Infrastructure\Emails.Infrastructure.csproj", "{6DB723A1-6777-4C82-A632-E4B9474BE1FC}"
EndProject
Project("{9A19103F-16F7-4668-BE54-9A1E7A4F7556}") = "Emails.API", "src\Services\Emails\Emails.API\Emails.API.csproj", "{3C8DBDFE-38AC-4CF8-AF0E-E013420C062B}"
EndProject
Project("{2150E333-8FDC-42A3-9474-1A3956D46DE8}") = "Cache", "Cache", "{D461B700-61CB-4F0F-AA44-7169BD59EFAA}"
EndProject
Project("{9A19103F-16F7-4668-BE54-9A1E7A4F7556}") = "Identity.Cache", "src\Services\Cache\UserEmailConfig.Cache\Identity.Cache.csproj", "{7F41B629-5953-4AD7-BB43-830205F23F74}"
EndProject
Project("{2150E333-8FDC-42A3-9474-1A3956D46DE8}") = "Cosumers", "Cosumers", "{CC8A0A78-97E4-4017-A510-0A22869655DF}"
EndProject
Project("{9A19103F-16F7-4668-BE54-9A1E7A4F7556}") = "Emails.Created.Consumer", "src\Services\Emails\Consumers\Emails.Created.Consumer\Emails.Created.Consumer.csproj", "{8FF37EA7-EA57-47D8-8F4A-0E0652A76A8E}"
EndProject
Project("{2150E333-8FDC-42A3-9474-1A3956D46DE8}") = "Solution Items", "Solution Items", "{FA59D8E3-3DF7-45FC-860F-F6B9E8A258CF}"
	ProjectSection(SolutionItems) = preProject
		docker-compose.yml = docker-compose.yml
	EndProjectSection
EndProject
Project("{9A19103F-16F7-4668-BE54-9A1E7A4F7556}") = "ESCS.Grpc", "src\Services\Identities\ESCS.Grpc\ESCS.Grpc.csproj", "{FB80CDC3-A2D6-4DED-8691-C8EF13FE86D5}"
EndProject
Project("{2150E333-8FDC-42A3-9474-1A3956D46DE8}") = "SMS", "SMS", "{A257102D-A7C3-4678-8EA5-5870CD29CA35}"
EndProject
Project("{2150E333-8FDC-42A3-9474-1A3956D46DE8}") = "Logs", "Logs", "{55CDB135-9E70-4C84-B102-C1AD9063281B}"
EndProject
Project("{9A19103F-16F7-4668-BE54-9A1E7A4F7556}") = "Logs.API", "src\Services\Logs\Logs.API\Logs.API.csproj", "{C9BFD982-8800-4910-B213-E8C856AD71B9}"
EndProject
Global
	GlobalSection(SolutionConfigurationPlatforms) = preSolution
		Debug|Any CPU = Debug|Any CPU
		Release|Any CPU = Release|Any CPU
	EndGlobalSection
	GlobalSection(ProjectConfigurationPlatforms) = postSolution
		{0FD59695-2DAD-49F3-B593-AD3536A7A71D}.Debug|Any CPU.ActiveCfg = Debug|Any CPU
		{0FD59695-2DAD-49F3-B593-AD3536A7A71D}.Debug|Any CPU.Build.0 = Debug|Any CPU
		{0FD59695-2DAD-49F3-B593-AD3536A7A71D}.Release|Any CPU.ActiveCfg = Release|Any CPU
		{0FD59695-2DAD-49F3-B593-AD3536A7A71D}.Release|Any CPU.Build.0 = Release|Any CPU
		{592D0BC9-F762-4DB9-903F-04D5E147FEB9}.Debug|Any CPU.ActiveCfg = Debug|Any CPU
		{592D0BC9-F762-4DB9-903F-04D5E147FEB9}.Debug|Any CPU.Build.0 = Debug|Any CPU
		{592D0BC9-F762-4DB9-903F-04D5E147FEB9}.Release|Any CPU.ActiveCfg = Release|Any CPU
		{592D0BC9-F762-4DB9-903F-04D5E147FEB9}.Release|Any CPU.Build.0 = Release|Any CPU
		{3177693B-EF0A-4536-A83F-D421E3E48EBA}.Debug|Any CPU.ActiveCfg = Debug|Any CPU
		{3177693B-EF0A-4536-A83F-D421E3E48EBA}.Debug|Any CPU.Build.0 = Debug|Any CPU
		{3177693B-EF0A-4536-A83F-D421E3E48EBA}.Release|Any CPU.ActiveCfg = Release|Any CPU
		{3177693B-EF0A-4536-A83F-D421E3E48EBA}.Release|Any CPU.Build.0 = Release|Any CPU
		{6C5D6FCD-F52F-4DB5-8677-E39805458062}.Debug|Any CPU.ActiveCfg = Debug|Any CPU
		{6C5D6FCD-F52F-4DB5-8677-E39805458062}.Debug|Any CPU.Build.0 = Debug|Any CPU
		{6C5D6FCD-F52F-4DB5-8677-E39805458062}.Release|Any CPU.ActiveCfg = Release|Any CPU
		{6C5D6FCD-F52F-4DB5-8677-E39805458062}.Release|Any CPU.Build.0 = Release|Any CPU
		{3C4810B6-95ED-4C6F-8578-BFE12EFE99F6}.Debug|Any CPU.ActiveCfg = Debug|Any CPU
		{3C4810B6-95ED-4C6F-8578-BFE12EFE99F6}.Debug|Any CPU.Build.0 = Debug|Any CPU
		{3C4810B6-95ED-4C6F-8578-BFE12EFE99F6}.Release|Any CPU.ActiveCfg = Release|Any CPU
		{3C4810B6-95ED-4C6F-8578-BFE12EFE99F6}.Release|Any CPU.Build.0 = Release|Any CPU
		{38432A86-2D96-44F0-A8C2-596194A2E0A6}.Debug|Any CPU.ActiveCfg = Debug|Any CPU
		{38432A86-2D96-44F0-A8C2-596194A2E0A6}.Debug|Any CPU.Build.0 = Debug|Any CPU
		{38432A86-2D96-44F0-A8C2-596194A2E0A6}.Release|Any CPU.ActiveCfg = Release|Any CPU
		{38432A86-2D96-44F0-A8C2-596194A2E0A6}.Release|Any CPU.Build.0 = Release|Any CPU
		{79905681-C753-4406-9D93-355A50DF8A45}.Debug|Any CPU.ActiveCfg = Debug|Any CPU
		{79905681-C753-4406-9D93-355A50DF8A45}.Debug|Any CPU.Build.0 = Debug|Any CPU
		{79905681-C753-4406-9D93-355A50DF8A45}.Release|Any CPU.ActiveCfg = Release|Any CPU
		{79905681-C753-4406-9D93-355A50DF8A45}.Release|Any CPU.Build.0 = Release|Any CPU
		{406F0B86-FEED-4FD8-A5CD-FC6FB9EB1008}.Debug|Any CPU.ActiveCfg = Debug|Any CPU
		{406F0B86-FEED-4FD8-A5CD-FC6FB9EB1008}.Debug|Any CPU.Build.0 = Debug|Any CPU
		{406F0B86-FEED-4FD8-A5CD-FC6FB9EB1008}.Release|Any CPU.ActiveCfg = Release|Any CPU
		{406F0B86-FEED-4FD8-A5CD-FC6FB9EB1008}.Release|Any CPU.Build.0 = Release|Any CPU
		{D4B7691D-6C9F-48BE-8C8D-91E43D07D494}.Debug|Any CPU.ActiveCfg = Debug|Any CPU
		{D4B7691D-6C9F-48BE-8C8D-91E43D07D494}.Debug|Any CPU.Build.0 = Debug|Any CPU
		{D4B7691D-6C9F-48BE-8C8D-91E43D07D494}.Release|Any CPU.ActiveCfg = Release|Any CPU
		{D4B7691D-6C9F-48BE-8C8D-91E43D07D494}.Release|Any CPU.Build.0 = Release|Any CPU
		{6DB723A1-6777-4C82-A632-E4B9474BE1FC}.Debug|Any CPU.ActiveCfg = Debug|Any CPU
		{6DB723A1-6777-4C82-A632-E4B9474BE1FC}.Debug|Any CPU.Build.0 = Debug|Any CPU
		{6DB723A1-6777-4C82-A632-E4B9474BE1FC}.Release|Any CPU.ActiveCfg = Release|Any CPU
		{6DB723A1-6777-4C82-A632-E4B9474BE1FC}.Release|Any CPU.Build.0 = Release|Any CPU
		{3C8DBDFE-38AC-4CF8-AF0E-E013420C062B}.Debug|Any CPU.ActiveCfg = Debug|Any CPU
		{3C8DBDFE-38AC-4CF8-AF0E-E013420C062B}.Debug|Any CPU.Build.0 = Debug|Any CPU
		{3C8DBDFE-38AC-4CF8-AF0E-E013420C062B}.Release|Any CPU.ActiveCfg = Release|Any CPU
		{3C8DBDFE-38AC-4CF8-AF0E-E013420C062B}.Release|Any CPU.Build.0 = Release|Any CPU
		{7F41B629-5953-4AD7-BB43-830205F23F74}.Debug|Any CPU.ActiveCfg = Debug|Any CPU
		{7F41B629-5953-4AD7-BB43-830205F23F74}.Debug|Any CPU.Build.0 = Debug|Any CPU
		{7F41B629-5953-4AD7-BB43-830205F23F74}.Release|Any CPU.ActiveCfg = Release|Any CPU
		{7F41B629-5953-4AD7-BB43-830205F23F74}.Release|Any CPU.Build.0 = Release|Any CPU
		{8FF37EA7-EA57-47D8-8F4A-0E0652A76A8E}.Debug|Any CPU.ActiveCfg = Debug|Any CPU
		{8FF37EA7-EA57-47D8-8F4A-0E0652A76A8E}.Debug|Any CPU.Build.0 = Debug|Any CPU
		{8FF37EA7-EA57-47D8-8F4A-0E0652A76A8E}.Release|Any CPU.ActiveCfg = Release|Any CPU
		{8FF37EA7-EA57-47D8-8F4A-0E0652A76A8E}.Release|Any CPU.Build.0 = Release|Any CPU
		{FB80CDC3-A2D6-4DED-8691-C8EF13FE86D5}.Debug|Any CPU.ActiveCfg = Debug|Any CPU
		{FB80CDC3-A2D6-4DED-8691-C8EF13FE86D5}.Debug|Any CPU.Build.0 = Debug|Any CPU
		{FB80CDC3-A2D6-4DED-8691-C8EF13FE86D5}.Release|Any CPU.ActiveCfg = Release|Any CPU
		{FB80CDC3-A2D6-4DED-8691-C8EF13FE86D5}.Release|Any CPU.Build.0 = Release|Any CPU
		{C9BFD982-8800-4910-B213-E8C856AD71B9}.Debug|Any CPU.ActiveCfg = Debug|Any CPU
		{C9BFD982-8800-4910-B213-E8C856AD71B9}.Debug|Any CPU.Build.0 = Debug|Any CPU
		{C9BFD982-8800-4910-B213-E8C856AD71B9}.Release|Any CPU.ActiveCfg = Release|Any CPU
		{C9BFD982-8800-4910-B213-E8C856AD71B9}.Release|Any CPU.Build.0 = Release|Any CPU
	EndGlobalSection
	GlobalSection(SolutionProperties) = preSolution
		HideSolutionNode = FALSE
	EndGlobalSection
	GlobalSection(NestedProjects) = preSolution
		{2450C49B-0D43-43EA-A32D-96FA3A4C0519} = {54753ED0-29C4-4FEE-856F-E65411A823B1}
		{4820069B-0F94-421A-96A6-5846FEFFBD84} = {54753ED0-29C4-4FEE-856F-E65411A823B1}
		{0FD59695-2DAD-49F3-B593-AD3536A7A71D} = {2450C49B-0D43-43EA-A32D-96FA3A4C0519}
		{592D0BC9-F762-4DB9-903F-04D5E147FEB9} = {2450C49B-0D43-43EA-A32D-96FA3A4C0519}
		{3177693B-EF0A-4536-A83F-D421E3E48EBA} = {2450C49B-0D43-43EA-A32D-96FA3A4C0519}
		{BD31CCBB-CF9B-4580-AB04-BDFE3419D2B7} = {4820069B-0F94-421A-96A6-5846FEFFBD84}
		{6C5D6FCD-F52F-4DB5-8677-E39805458062} = {BD31CCBB-CF9B-4580-AB04-BDFE3419D2B7}
		{3C4810B6-95ED-4C6F-8578-BFE12EFE99F6} = {BD31CCBB-CF9B-4580-AB04-BDFE3419D2B7}
		{38432A86-2D96-44F0-A8C2-596194A2E0A6} = {BD31CCBB-CF9B-4580-AB04-BDFE3419D2B7}
		{79905681-C753-4406-9D93-355A50DF8A45} = {BD31CCBB-CF9B-4580-AB04-BDFE3419D2B7}
		{7596AAC2-4EB9-4FD5-82CD-37DEA8D4354D} = {4820069B-0F94-421A-96A6-5846FEFFBD84}
		{71F0F642-1464-48AD-8EDF-A29B983D430D} = {4820069B-0F94-421A-96A6-5846FEFFBD84}
		{406F0B86-FEED-4FD8-A5CD-FC6FB9EB1008} = {7596AAC2-4EB9-4FD5-82CD-37DEA8D4354D}
		{D4B7691D-6C9F-48BE-8C8D-91E43D07D494} = {7596AAC2-4EB9-4FD5-82CD-37DEA8D4354D}
		{6DB723A1-6777-4C82-A632-E4B9474BE1FC} = {7596AAC2-4EB9-4FD5-82CD-37DEA8D4354D}
		{3C8DBDFE-38AC-4CF8-AF0E-E013420C062B} = {7596AAC2-4EB9-4FD5-82CD-37DEA8D4354D}
		{D461B700-61CB-4F0F-AA44-7169BD59EFAA} = {4820069B-0F94-421A-96A6-5846FEFFBD84}
		{7F41B629-5953-4AD7-BB43-830205F23F74} = {D461B700-61CB-4F0F-AA44-7169BD59EFAA}
		{CC8A0A78-97E4-4017-A510-0A22869655DF} = {7596AAC2-4EB9-4FD5-82CD-37DEA8D4354D}
		{8FF37EA7-EA57-47D8-8F4A-0E0652A76A8E} = {CC8A0A78-97E4-4017-A510-0A22869655DF}
		{FB80CDC3-A2D6-4DED-8691-C8EF13FE86D5} = {BD31CCBB-CF9B-4580-AB04-BDFE3419D2B7}
		{A257102D-A7C3-4678-8EA5-5870CD29CA35} = {4820069B-0F94-421A-96A6-5846FEFFBD84}
		{55CDB135-9E70-4C84-B102-C1AD9063281B} = {4820069B-0F94-421A-96A6-5846FEFFBD84}
		{C9BFD982-8800-4910-B213-E8C856AD71B9} = {55CDB135-9E70-4C84-B102-C1AD9063281B}
	EndGlobalSection
	GlobalSection(ExtensibilityGlobals) = postSolution
		SolutionGuid = {EAD8D3FA-893B-4CC3-91C2-3512A45F2A52}
	EndGlobalSection
EndGlobal
